
Microsoft Visual Studio Solution File, Format Version 12.00
# Visual Studio Version 17
VisualStudioVersion = 17.8.34408.163
MinimumVisualStudioVersion = 10.0.40219.1
Project("{8BC9CEB8-8B4A-11D0-8D11-00A0C91BC942}") = "Week 14", "Week 14\Week 14.vcxproj", "{C2E53770-BAC9-4EC3-85B6-B548CBC3AFAF}"
EndProject
Global
	GlobalSection(SolutionConfigurationPlatforms) = preSolution
		Debug|x64 = Debug|x64
		Debug|x86 = Debug|x86
		Release|x64 = Release|x64
		Release|x86 = Release|x86
	EndGlobalSection
	GlobalSection(ProjectConfigurationPlatforms) = postSolution
		{C2E53770-BAC9-4EC3-85B6-B548CBC3AFAF}.Debug|x64.ActiveCfg = Debug|x64
		{C2E53770-BAC9-4EC3-85B6-B548CBC3AFAF}.Debug|x64.Build.0 = Debug|x64
		{C2E53770-BAC9-4EC3-85B6-B548CBC3AFAF}.Debug|x86.ActiveCfg = Debug|Win32
		{C2E53770-BAC9-4EC3-85B6-B548CBC3AFAF}.Debug|x86.Build.0 = Debug|Win32
		{C2E53770-BAC9-4EC3-85B6-B548CBC3AFAF}.Release|x64.ActiveCfg = Release|x64
		{C2E53770-BAC9-4EC3-85B6-B548CBC3AFAF}.Release|x64.Build.0 = Release|x64
		{C2E53770-BAC9-4EC3-85B6-B548CBC3AFAF}.Release|x86.ActiveCfg = Release|Win32
		{C2E53770-BAC9-4EC3-85B6-B548CBC3AFAF}.Release|x86.Build.0 = Release|Win32
	EndGlobalSection
	GlobalSection(SolutionProperties) = preSolution
		HideSolutionNode = FALSE
	EndGlobalSection
	GlobalSection(ExtensibilityGlobals) = postSolution
		SolutionGuid = {E01F1054-2DCF-4474-90C2-046D4346B284}
	EndGlobalSection
EndGlobal
